
Microsoft Visual Studio Solution File, Format Version 12.00
# Visual Studio Version 17
VisualStudioVersion = 17.11.35312.102
MinimumVisualStudioVersion = 10.0.40219.1
Project("{FAE04EC0-301F-11D3-BF4B-00C04F79EFBC}") = "FlightBookingSystem", "FlightBookingSystem\FlightBookingSystem.csproj", "{97A5962A-525A-4267-9057-C0686271F437}"
EndProject
Global
	GlobalSection(SolutionConfigurationPlatforms) = preSolution
		Debug|Any CPU = Debug|Any CPU
		Release|Any CPU = Release|Any CPU
	EndGlobalSection
	GlobalSection(ProjectConfigurationPlatforms) = postSolution
		{97A5962A-525A-4267-9057-C0686271F437}.Debug|Any CPU.ActiveCfg = Debug|Any CPU
		{97A5962A-525A-4267-9057-C0686271F437}.Debug|Any CPU.Build.0 = Debug|Any CPU
		{97A5962A-525A-4267-9057-C0686271F437}.Release|Any CPU.ActiveCfg = Release|Any CPU
		{97A5962A-525A-4267-9057-C0686271F437}.Release|Any CPU.Build.0 = Release|Any CPU
	EndGlobalSection
	GlobalSection(SolutionProperties) = preSolution
		HideSolutionNode = FALSE
	EndGlobalSection
	GlobalSection(ExtensibilityGlobals) = postSolution
		SolutionGuid = {54F9B113-488D-4EE7-AF1E-5C9E714DB818}
	EndGlobalSection
EndGlobal
